
Microsoft Visual Studio Solution File, Format Version 12.00
# Visual Studio Version 17
VisualStudioVersion = 17.3.32901.215
MinimumVisualStudioVersion = 10.0.40219.1
Project("{FAE04EC0-301F-11D3-BF4B-00C04F79EFBC}") = "CodeQr_Generateur", "CodeQr_Generateur.csproj", "{3051B3F6-BFD8-4210-A68B-74D86F504223}"
EndProject
Global
	GlobalSection(SolutionConfigurationPlatforms) = preSolution
		Debug|Any CPU = Debug|Any CPU
		Release|Any CPU = Release|Any CPU
	EndGlobalSection
	GlobalSection(ProjectConfigurationPlatforms) = postSolution
		{3051B3F6-BFD8-4210-A68B-74D86F504223}.Debug|Any CPU.ActiveCfg = Debug|Any CPU
		{3051B3F6-BFD8-4210-A68B-74D86F504223}.Debug|Any CPU.Build.0 = Debug|Any CPU
		{3051B3F6-BFD8-4210-A68B-74D86F504223}.Release|Any CPU.ActiveCfg = Release|Any CPU
		{3051B3F6-BFD8-4210-A68B-74D86F504223}.Release|Any CPU.Build.0 = Release|Any CPU
	EndGlobalSection
	GlobalSection(SolutionProperties) = preSolution
		HideSolutionNode = FALSE
	EndGlobalSection
	GlobalSection(ExtensibilityGlobals) = postSolution
		SolutionGuid = {58CC5E1A-0069-4481-A486-C9100F689B58}
	EndGlobalSection
EndGlobal
